// !$*UTF8*$!
{
	archiveVersion = 1;
	classes = {
	};
	objectVersion = 46;
	objects = {

/* Begin PBXBuildFile section */
		14B00C161A688FBB002DD164 /* AppDelegate.swift in Sources */ = {isa = PBXBuildFile; fileRef = 14B00C151A688FBB002DD164 /* AppDelegate.swift */; };
		14B00C181A688FBB002DD164 /* ViewController.swift in Sources */ = {isa = PBXBuildFile; fileRef = 14B00C171A688FBB002DD164 /* ViewController.swift */; };
		14B00C1B1A688FBB002DD164 /* Main.storyboard in Resources */ = {isa = PBXBuildFile; fileRef = 14B00C191A688FBB002DD164 /* Main.storyboard */; };
		14B00C1D1A688FBB002DD164 /* Images.xcassets in Resources */ = {isa = PBXBuildFile; fileRef = 14B00C1C1A688FBB002DD164 /* Images.xcassets */; };
		14B00C201A688FBB002DD164 /* LaunchScreen.xib in Resources */ = {isa = PBXBuildFile; fileRef = 14B00C1E1A688FBB002DD164 /* LaunchScreen.xib */; };
		14B00C2C1A688FBB002DD164 /* Stopwatch2Tests.swift in Sources */ = {isa = PBXBuildFile; fileRef = 14B00C2B1A688FBB002DD164 /* Stopwatch2Tests.swift */; };
/* End PBXBuildFile section */

/* Begin PBXContainerItemProxy section */
		14B00C261A688FBB002DD164 /* PBXContainerItemProxy */ = {
			isa = PBXContainerItemProxy;
			containerPortal = 14B00C081A688FBB002DD164 /* Project object */;
			proxyType = 1;
			remoteGlobalIDString = 14B00C0F1A688FBB002DD164;
			remoteInfo = Stopwatch2;
		};
/* End PBXContainerItemProxy section */

/* Begin PBXFileReference section */
		14B00C101A688FBB002DD164 /* Stopwatch2.app */ = {isa = PBXFileReference; explicitFileType = wrapper.application; includeInIndex = 0; path = Stopwatch2.app; sourceTree = BUILT_PRODUCTS_DIR; };
		14B00C141A688FBB002DD164 /* Info.plist */ = {isa = PBXFileReference; lastKnownFileType = text.plist.xml; path = Info.plist; sourceTree = "<group>"; };
		14B00C151A688FBB002DD164 /* AppDelegate.swift */ = {isa = PBXFileReference; lastKnownFileType = sourcecode.swift; path = AppDelegate.swift; sourceTree = "<group>"; };
		14B00C171A688FBB002DD164 /* ViewController.swift */ = {isa = PBXFileReference; lastKnownFileType = sourcecode.swift; path = ViewController.swift; sourceTree = "<group>"; };
		14B00C1A1A688FBB002DD164 /* Base */ = {isa = PBXFileReference; lastKnownFileType = file.storyboard; name = Base; path = Base.lproj/Main.storyboard; sourceTree = "<group>"; };
		14B00C1C1A688FBB002DD164 /* Images.xcassets */ = {isa = PBXFileReference; lastKnownFileType = folder.assetcatalog; path = Images.xcassets; sourceTree = "<group>"; };
		14B00C1F1A688FBB002DD164 /* Base */ = {isa = PBXFileReference; lastKnownFileType = file.xib; name = Base; path = Base.lproj/LaunchScreen.xib; sourceTree = "<group>"; };
		14B00C251A688FBB002DD164 /* Stopwatch2Tests.xctest */ = {isa = PBXFileReference; explicitFileType = wrapper.cfbundle; includeInIndex = 0; path = Stopwatch2Tests.xctest; sourceTree = BUILT_PRODUCTS_DIR; };
		14B00C2A1A688FBB002DD164 /* Info.plist */ = {isa = PBXFileReference; lastKnownFileType = text.plist.xml; path = Info.plist; sourceTree = "<group>"; };
		14B00C2B1A688FBB002DD164 /* Stopwatch2Tests.swift */ = {isa = PBXFileReference; lastKnownFileType = sourcecode.swift; path = Stopwatch2Tests.swift; sourceTree = "<group>"; };
/* End PBXFileReference section */

/* Begin PBXFrameworksBuildPhase section */
		14B00C0D1A688FBB002DD164 /* Frameworks */ = {
			isa = PBXFrameworksBuildPhase;
			buildActionMask = 2147483647;
			files = (
			);
			runOnlyForDeploymentPostprocessing = 0;
		};
		14B00C221A688FBB002DD164 /* Frameworks */ = {
			isa = PBXFrameworksBuildPhase;
			buildActionMask = 2147483647;
			files = (
			);
			runOnlyForDeploymentPostprocessing = 0;
		};
/* End PBXFrameworksBuildPhase section */

/* Begin PBXGroup section */
		14B00C071A688FBB002DD164 = {
			isa = PBXGroup;
			children = (
				14B00C121A688FBB002DD164 /* Stopwatch2 */,
				14B00C281A688FBB002DD164 /* Stopwatch2Tests */,
				14B00C111A688FBB002DD164 /* Products */,
			);
			sourceTree = "<group>";
		};
		14B00C111A688FBB002DD164 /* Products */ = {
			isa = PBXGroup;
			children = (
				14B00C101A688FBB002DD164 /* Stopwatch2.app */,
				14B00C251A688FBB002DD164 /* Stopwatch2Tests.xctest */,
			);
			name = Products;
			sourceTree = "<group>";
		};
		14B00C121A688FBB002DD164 /* Stopwatch2 */ = {
			isa = PBXGroup;
			children = (
				14B00C151A688FBB002DD164 /* AppDelegate.swift */,
				14B00C171A688FBB002DD164 /* ViewController.swift */,
				14B00C191A688FBB002DD164 /* Main.storyboard */,
				14B00C1C1A688FBB002DD164 /* Images.xcassets */,
				14B00C1E1A688FBB002DD164 /* LaunchScreen.xib */,
				14B00C131A688FBB002DD164 /* Supporting Files */,
			);
			path = Stopwatch2;
			sourceTree = "<group>";
		};
		14B00C131A688FBB002DD164 /* Supporting Files */ = {
			isa = PBXGroup;
			children = (
				14B00C141A688FBB002DD164 /* Info.plist */,
			);
			name = "Supporting Files";
			sourceTree = "<group>";
		};
		14B00C281A688FBB002DD164 /* Stopwatch2Tests */ = {
			isa = PBXGroup;
			children = (
				14B00C2B1A688FBB002DD164 /* Stopwatch2Tests.swift */,
				14B00C291A688FBB002DD164 /* Supporting Files */,
			);
			path = Stopwatch2Tests;
			sourceTree = "<group>";
		};
		14B00C291A688FBB002DD164 /* Supporting Files */ = {
			isa = PBXGroup;
			children = (
				14B00C2A1A688FBB002DD164 /* Info.plist */,
			);
			name = "Supporting Files";
			sourceTree = "<group>";
		};
/* End PBXGroup section */

/* Begin PBXNativeTarget section */
		14B00C0F1A688FBB002DD164 /* Stopwatch2 */ = {
			isa = PBXNativeTarget;
			buildConfigurationList = 14B00C2F1A688FBB002DD164 /* Build configuration list for PBXNativeTarget "Stopwatch2" */;
			buildPhases = (
				14B00C0C1A688FBB002DD164 /* Sources */,
				14B00C0D1A688FBB002DD164 /* Frameworks */,
				14B00C0E1A688FBB002DD164 /* Resources */,
			);
			buildRules = (
			);
			dependencies = (
			);
			name = Stopwatch2;
			productName = Stopwatch2;
			productReference = 14B00C101A688FBB002DD164 /* Stopwatch2.app */;
			productType = "com.apple.product-type.application";
		};
		14B00C241A688FBB002DD164 /* Stopwatch2Tests */ = {
			isa = PBXNativeTarget;
			buildConfigurationList = 14B00C321A688FBB002DD164 /* Build configuration list for PBXNativeTarget "Stopwatch2Tests" */;
			buildPhases = (
				14B00C211A688FBB002DD164 /* Sources */,
				14B00C221A688FBB002DD164 /* Frameworks */,
				14B00C231A688FBB002DD164 /* Resources */,
			);
			buildRules = (
			);
			dependencies = (
				14B00C271A688FBB002DD164 /* PBXTargetDependency */,
			);
			name = Stopwatch2Tests;
			productName = Stopwatch2Tests;
			productReference = 14B00C251A688FBB002DD164 /* Stopwatch2Tests.xctest */;
			productType = "com.apple.product-type.bundle.unit-test";
		};
/* End PBXNativeTarget section */

/* Begin PBXProject section */
		14B00C081A688FBB002DD164 /* Project object */ = {
			isa = PBXProject;
			attributes = {
				LastUpgradeCheck = 0610;
				ORGANIZATIONNAME = pogul;
				TargetAttributes = {
					14B00C0F1A688FBB002DD164 = {
						CreatedOnToolsVersion = 6.1.1;
					};
					14B00C241A688FBB002DD164 = {
						CreatedOnToolsVersion = 6.1.1;
						TestTargetID = 14B00C0F1A688FBB002DD164;
					};
				};
			};
			buildConfigurationList = 14B00C0B1A688FBB002DD164 /* Build configuration list for PBXProject "Stopwatch2" */;
			compatibilityVersion = "Xcode 3.2";
			developmentRegion = English;
			hasScannedForEncodings = 0;
			knownRegions = (
				en,
				Base,
			);
			mainGroup = 14B00C071A688FBB002DD164;
			productRefGroup = 14B00C111A688FBB002DD164 /* Products */;
			projectDirPath = "";
			projectRoot = "";
			targets = (
				14B00C0F1A688FBB002DD164 /* Stopwatch2 */,
				14B00C241A688FBB002DD164 /* Stopwatch2Tests */,
			);
		};
/* End PBXProject section */

/* Begin PBXResourcesBuildPhase section */
		14B00C0E1A688FBB002DD164 /* Resources */ = {
			isa = PBXResourcesBuildPhase;
			buildActionMask = 2147483647;
			files = (
				14B00C1B1A688FBB002DD164 /* Main.storyboard in Resources */,
				14B00C201A688FBB002DD164 /* LaunchScreen.xib in Resources */,
				14B00C1D1A688FBB002DD164 /* Images.xcassets in Resources */,
			);
			runOnlyForDeploymentPostprocessing = 0;
		};
		14B00C231A688FBB002DD164 /* Resources */ = {
			isa = PBXResourcesBuildPhase;
			buildActionMask = 2147483647;
			files = (
			);
			runOnlyForDeploymentPostprocessing = 0;
		};
/* End PBXResourcesBuildPhase section */

/* Begin PBXSourcesBuildPhase section */
		14B00C0C1A688FBB002DD164 /* Sources */ = {
			isa = PBXSourcesBuildPhase;
			buildActionMask = 2147483647;
			files = (
				14B00C181A688FBB002DD164 /* ViewController.swift in Sources */,
				14B00C161A688FBB002DD164 /* AppDelegate.swift in Sources */,
			);
			runOnlyForDeploymentPostprocessing = 0;
		};
		14B00C211A688FBB002DD164 /* Sources */ = {
			isa = PBXSourcesBuildPhase;
			buildActionMask = 2147483647;
			files = (
				14B00C2C1A688FBB002DD164 /* Stopwatch2Tests.swift in Sources */,
			);
			runOnlyForDeploymentPostprocessing = 0;
		};
/* End PBXSourcesBuildPhase section */

/* Begin PBXTargetDependency section */
		14B00C271A688FBB002DD164 /* PBXTargetDependency */ = {
			isa = PBXTargetDependency;
			target = 14B00C0F1A688FBB002DD164 /* Stopwatch2 */;
			targetProxy = 14B00C261A688FBB002DD164 /* PBXContainerItemProxy */;
		};
/* End PBXTargetDependency section */

/* Begin PBXVariantGroup section */
		14B00C191A688FBB002DD164 /* Main.storyboard */ = {
			isa = PBXVariantGroup;
			children = (
				14B00C1A1A688FBB002DD164 /* Base */,
			);
			name = Main.storyboard;
			sourceTree = "<group>";
		};
		14B00C1E1A688FBB002DD164 /* LaunchScreen.xib */ = {
			isa = PBXVariantGroup;
			children = (
				14B00C1F1A688FBB002DD164 /* Base */,
			);
			name = LaunchScreen.xib;
			sourceTree = "<group>";
		};
/* End PBXVariantGroup section */

/* Begin XCBuildConfiguration section */
		14B00C2D1A688FBB002DD164 /* Debug */ = {
			isa = XCBuildConfiguration;
			buildSettings = {
				ALWAYS_SEARCH_USER_PATHS = NO;
				CLANG_CXX_LANGUAGE_STANDARD = "gnu++0x";
				CLANG_CXX_LIBRARY = "libc++";
				CLANG_ENABLE_MODULES = YES;
				CLANG_ENABLE_OBJC_ARC = YES;
				CLANG_WARN_BOOL_CONVERSION = YES;
				CLANG_WARN_CONSTANT_CONVERSION = YES;
				CLANG_WARN_DIRECT_OBJC_ISA_USAGE = YES_ERROR;
				CLANG_WARN_EMPTY_BODY = YES;
				CLANG_WARN_ENUM_CONVERSION = YES;
				CLANG_WARN_INT_CONVERSION = YES;
				CLANG_WARN_OBJC_ROOT_CLASS = YES_ERROR;
				CLANG_WARN_UNREACHABLE_CODE = YES;
				CLANG_WARN__DUPLICATE_METHOD_MATCH = YES;
				"CODE_SIGN_IDENTITY[sdk=iphoneos*]" = "iPhone Developer";
				COPY_PHASE_STRIP = NO;
				ENABLE_STRICT_OBJC_MSGSEND = YES;
				GCC_C_LANGUAGE_STANDARD = gnu99;
				GCC_DYNAMIC_NO_PIC = NO;
				GCC_OPTIMIZATION_LEVEL = 0;
				GCC_PREPROCESSOR_DEFINITIONS = (
					"DEBUG=1",
					"$(inherited)",
				);
				GCC_SYMBOLS_PRIVATE_EXTERN = NO;
				GCC_WARN_64_TO_32_BIT_CONVERSION = YES;
				GCC_WARN_ABOUT_RETURN_TYPE = YES_ERROR;
				GCC_WARN_UNDECLARED_SELECTOR = YES;
				GCC_WARN_UNINITIALIZED_AUTOS = YES_AGGRESSIVE;
				GCC_WARN_UNUSED_FUNCTION = YES;
				GCC_WARN_UNUSED_VARIABLE = YES;
				IPHONEOS_DEPLOYMENT_TARGET = 8.1;
				MTL_ENABLE_DEBUG_INFO = YES;
				ONLY_ACTIVE_ARCH = YES;
				SDKROOT = iphoneos;
				SWIFT_OPTIMIZATION_LEVEL = "-Onone";
				TARGETED_DEVICE_FAMILY = "1,2";
			};
			name = Debug;
		};
		14B00C2E1A688FBB002DD164 /* Release */ = {
			isa = XCBuildConfiguration;
			buildSettings = {
				ALWAYS_SEARCH_USER_PATHS = NO;
				CLANG_CXX_LANGUAGE_STANDARD = "gnu++0x";
				CLANG_CXX_LIBRARY = "libc++";
				CLANG_ENABLE_MODULES = YES;
				CLANG_ENABLE_OBJC_ARC = YES;
				CLANG_WARN_BOOL_CONVERSION = YES;
				CLANG_WARN_CONSTANT_CONVERSION = YES;
				CLANG_WARN_DIRECT_OBJC_ISA_USAGE = YES_ERROR;
				CLANG_WARN_EMPTY_BODY = YES;
				CLANG_WARN_ENUM_CONVERSION = YES;
				CLANG_WARN_INT_CONVERSION = YES;
				CLANG_WARN_OBJC_ROOT_CLASS = YES_ERROR;
				CLANG_WARN_UNREACHABLE_CODE = YES;
				CLANG_WARN__DUPLICATE_METHOD_MATCH = YES;
				"CODE_SIGN_IDENTITY[sdk=iphoneos*]" = "iPhone Developer";
				COPY_PHASE_STRIP = YES;
				ENABLE_NS_ASSERTIONS = NO;
				ENABLE_STRICT_OBJC_MSGSEND = YES;
				GCC_C_LANGUAGE_STANDARD = gnu99;
				GCC_WARN_64_TO_32_BIT_CONVERSION = YES;
				GCC_WARN_ABOUT_RETURN_TYPE = YES_ERROR;
				GCC_WARN_UNDECLARED_SELECTOR = YES;
				GCC_WARN_UNINITIALIZED_AUTOS = YES_AGGRESSIVE;
				GCC_WARN_UNUSED_FUNCTION = YES;
				GCC_WARN_UNUSED_VARIABLE = YES;
				IPHONEOS_DEPLOYMENT_TARGET = 8.1;
				MTL_ENABLE_DEBUG_INFO = NO;
				SDKROOT = iphoneos;
				TARGETED_DEVICE_FAMILY = "1,2";
				VALIDATE_PRODUCT = YES;
			};
			name = Release;
		};
		14B00C301A688FBB002DD164 /* Debug */ = {
			isa = XCBuildConfiguration;
			buildSettings = {
				ASSETCATALOG_COMPILER_APPICON_NAME = AppIcon;
				INFOPLIST_FILE = Stopwatch2/Info.plist;
				LD_RUNPATH_SEARCH_PATHS = "$(inherited) @executable_path/Frameworks";
				PRODUCT_NAME = "$(TARGET_NAME)";
			};
			name = Debug;
		};
		14B00C311A688FBB002DD164 /* Release */ = {
			isa = XCBuildConfiguration;
			buildSettings = {
				ASSETCATALOG_COMPILER_APPICON_NAME = AppIcon;
				INFOPLIST_FILE = Stopwatch2/Info.plist;
				LD_RUNPATH_SEARCH_PATHS = "$(inherited) @executable_path/Frameworks";
				PRODUCT_NAME = "$(TARGET_NAME)";
			};
			name = Release;
		};
		14B00C331A688FBB002DD164 /* Debug */ = {
			isa = XCBuildConfiguration;
			buildSettings = {
				BUNDLE_LOADER = "$(TEST_HOST)";
				FRAMEWORK_SEARCH_PATHS = (
					"$(SDKROOT)/Developer/Library/Frameworks",
					"$(inherited)",
				);
				GCC_PREPROCESSOR_DEFINITIONS = (
					"DEBUG=1",
					"$(inherited)",
				);
				INFOPLIST_FILE = Stopwatch2Tests/Info.plist;
				LD_RUNPATH_SEARCH_PATHS = "$(inherited) @executable_path/Frameworks @loader_path/Frameworks";
				PRODUCT_NAME = "$(TARGET_NAME)";
				TEST_HOST = "$(BUILT_PRODUCTS_DIR)/Stopwatch2.app/Stopwatch2";
			};
			name = Debug;
		};
		14B00C341A688FBB002DD164 /* Release */ = {
			isa = XCBuildConfiguration;
			buildSettings = {
				BUNDLE_LOADER = "$(TEST_HOST)";
				FRAMEWORK_SEARCH_PATHS = (
					"$(SDKROOT)/Developer/Library/Frameworks",
					"$(inherited)",
				);
				INFOPLIST_FILE = Stopwatch2Tests/Info.plist;
				LD_RUNPATH_SEARCH_PATHS = "$(inherited) @executable_path/Frameworks @loader_path/Frameworks";
				PRODUCT_NAME = "$(TARGET_NAME)";
				TEST_HOST = "$(BUILT_PRODUCTS_DIR)/Stopwatch2.app/Stopwatch2";
			};
			name = Release;
		};
/* End XCBuildConfiguration section */

/* Begin XCConfigurationList section */
		14B00C0B1A688FBB002DD164 /* Build configuration list for PBXProject "Stopwatch2" */ = {
			isa = XCConfigurationList;
			buildConfigurations = (
				14B00C2D1A688FBB002DD164 /* Debug */,
				14B00C2E1A688FBB002DD164 /* Release */,
			);
			defaultConfigurationIsVisible = 0;
			defaultConfigurationName = Release;
		};
		14B00C2F1A688FBB002DD164 /* Build configuration list for PBXNativeTarget "Stopwatch2" */ = {
			isa = XCConfigurationList;
			buildConfigurations = (
				14B00C301A688FBB002DD164 /* Debug */,
				14B00C311A688FBB002DD164 /* Release */,
			);
			defaultConfigurationIsVisible = 0;
		};
		14B00C321A688FBB002DD164 /* Build configuration list for PBXNativeTarget "Stopwatch2Tests" */ = {
			isa = XCConfigurationList;
			buildConfigurations = (
				14B00C331A688FBB002DD164 /* Debug */,
				14B00C341A688FBB002DD164 /* Release */,
			);
			defaultConfigurationIsVisible = 0;
		};
/* End XCConfigurationList section */
	};
	rootObject = 14B00C081A688FBB002DD164 /* Project object */;
}
